<?xml version="1.0" encoding="utf-8"?>
<Project ToolsVersion="4.0" xmlns="http://schemas.microsoft.com/developer/msbuild/2003">
  <ItemGroup>
    <Filter Include="Source Files">
      <UniqueIdentifier>{4FC737F1-C7A5-4376-A066-2A32D752A2FF}</UniqueIdentifier>
      <Extensions>cpp;c;cc;cxx;def;odl;idl;hpj;bat;asm;asmx</Extensions>
    </Filter>
    <Filter Include="Source Files\Application">
      <UniqueIdentifier>{3260fb0f-8ed7-4bcb-a507-dcbd768197c5}</UniqueIdentifier>
    </Filter>
    <Filter Include="Source Files\Modules">
      <UniqueIdentifier>{d16ab9db-9938-4f11-8105-beb05718b15a}</UniqueIdentifier>
    </Filter>
    <Filter Include="Source Files\Utils">
      <UniqueIdentifier>{f2908f2d-9354-4a4d-89bd-382e70ece47b}</UniqueIdentifier>
    </Filter>
    <Filter Include="Source Files\Modules\Gameplay">
      <UniqueIdentifier>{27874cd3-8ee4-4f11-8cb6-f61b185feeff}</UniqueIdentifier>
    </Filter>
    <Filter Include="Source Files\Modules\Gameplay\Player">
      <UniqueIdentifier>{c29b03c3-c0fa-46b7-9ddb-0ecfa27e27f7}</UniqueIdentifier>
    </Filter>
    <Filter Include="Source Files\Modules\Gameplay\Enemies">
      <UniqueIdentifier>{b27c1d66-47ea-4937-a05e-e6a51d200dc9}</UniqueIdentifier>
    </Filter>
    <Filter Include="Source Files\Modules\Gameplay\Scenes">
      <UniqueIdentifier>{2e3bc911-32e7-4a7e-8cdd-9d0f43001392}</UniqueIdentifier>
    </Filter>
  </ItemGroup>
  <ItemGroup>
    <ClInclude Include="Module.h">
      <Filter>Source Files\Modules</Filter>
    </ClInclude>
    <ClInclude Include="Application.h">
      <Filter>Source Files\Application</Filter>
    </ClInclude>
    <ClInclude Include="Globals.h">
      <Filter>Source Files\Application</Filter>
    </ClInclude>
    <ClInclude Include="MemLeaks.h">
      <Filter>Source Files\Application</Filter>
    </ClInclude>
    <ClInclude Include="ModuleWindow.h">
      <Filter>Source Files\Modules</Filter>
    </ClInclude>
    <ClInclude Include="ModuleRender.h">
      <Filter>Source Files\Modules</Filter>
    </ClInclude>
    <ClInclude Include="ModuleInput.h">
      <Filter>Source Files\Modules</Filter>
    </ClInclude>
    <ClInclude Include="ModuleTextures.h">
      <Filter>Source Files\Modules</Filter>
    </ClInclude>
    <ClInclude Include="Animation.h">
      <Filter>Source Files\Utils</Filter>
    </ClInclude>
    <ClInclude Include="p2Point.h">
      <Filter>Source Files\Utils</Filter>
    </ClInclude>
    <ClInclude Include="Colliders.h">
      <Filter>Source Files\Utils</Filter>
    </ClInclude>
    <ClInclude Include="ModuleCollisions.h">
      <Filter>Source Files\Modules</Filter>
    </ClInclude>
    <ClInclude Include="Path.h">
      <Filter>Source Files\Utils</Filter>
    </ClInclude>
    <ClInclude Include="ModuleAudio.h">
      <Filter>Source Files\Modules</Filter>
    </ClInclude>
    <ClInclude Include="ModuleFonts.h">
      <Filter>Source Files\Modules</Filter>
    </ClInclude>
    <ClInclude Include="ModuleParticles.h">
      <Filter>Source Files\Modules</Filter>
    </ClInclude>
    <ClInclude Include="Particle.h">
      <Filter>Source Files\Modules</Filter>
    </ClInclude>
    <ClInclude Include="ModulePower.h">
      <Filter>Source Files\Modules</Filter>
    </ClInclude>
    <ClInclude Include="ModuleEnemies.h">
      <Filter>Source Files\Modules\Gameplay</Filter>
    </ClInclude>
    <ClInclude Include="ModulePlayer.h">
      <Filter>Source Files\Modules\Gameplay\Player</Filter>
    </ClInclude>
    <ClInclude Include="PlayerAnimations.h">
      <Filter>Source Files\Modules\Gameplay\Player</Filter>
    </ClInclude>
    <ClInclude Include="EnemyDeath.h">
      <Filter>Source Files\Modules\Gameplay</Filter>
    </ClInclude>
    <ClInclude Include="ModuleFadeToBlack.h">
      <Filter>Source Files\Modules</Filter>
    </ClInclude>
    <ClInclude Include="Zombie.h">
      <Filter>Source Files\Modules\Gameplay\Enemies</Filter>
    </ClInclude>
    <ClInclude Include="WhiteWolf.h">
      <Filter>Source Files\Modules\Gameplay\Enemies</Filter>
    </ClInclude>
    <ClInclude Include="Enemy.h">
      <Filter>Source Files\Modules\Gameplay\Enemies</Filter>
    </ClInclude>
    <ClInclude Include="ModuleScene.h">
      <Filter>Source Files\Modules\Gameplay\Scenes</Filter>
    </ClInclude>
    <ClInclude Include="ModuleScene2.h">
      <Filter>Source Files\Modules\Gameplay\Scenes</Filter>
    </ClInclude>
    <ClInclude Include="SceneIntro.h">
      <Filter>Source Files\Modules\Gameplay\Scenes</Filter>
    </ClInclude>
    <ClInclude Include="Neff.h">
      <Filter>Source Files\Modules\Gameplay\Enemies</Filter>
    </ClInclude>
    <ClInclude Include="ScenePreIntro.h">
      <Filter>Source Files\Modules\Gameplay\Scenes</Filter>
    </ClInclude>
    <ClInclude Include="BrownWolf.h">
      <Filter>Source Files\Modules\Gameplay\Enemies</Filter>
    </ClInclude>
  </ItemGroup>
  <ItemGroup>
    <ClCompile Include="Module.cpp">
      <Filter>Source Files\Modules</Filter>
    </ClCompile>
    <ClCompile Include="Application.cpp">
      <Filter>Source Files\Application</Filter>
    </ClCompile>
    <ClCompile Include="Main.cpp">
      <Filter>Source Files\Application</Filter>
    </ClCompile>
    <ClCompile Include="ModuleWindow.cpp">
      <Filter>Source Files\Modules</Filter>
    </ClCompile>
    <ClCompile Include="ModuleRender.cpp">
      <Filter>Source Files\Modules</Filter>
    </ClCompile>
    <ClCompile Include="Globals.cpp">
      <Filter>Source Files\Application</Filter>
    </ClCompile>
    <ClCompile Include="ModuleInput.cpp">
      <Filter>Source Files\Modules</Filter>
    </ClCompile>
    <ClCompile Include="ModuleTextures.cpp">
      <Filter>Source Files\Modules</Filter>
    </ClCompile>
    <ClCompile Include="Colliders.cpp">
      <Filter>Source Files\Utils</Filter>
    </ClCompile>
    <ClCompile Include="ModuleCollisions.cpp">
      <Filter>Source Files\Modules</Filter>
    </ClCompile>
    <ClCompile Include="Path.cpp">
      <Filter>Source Files\Utils</Filter>
    </ClCompile>
    <ClCompile Include="ModuleAudio.cpp">
      <Filter>Source Files\Modules</Filter>
    </ClCompile>
    <ClCompile Include="ModuleFonts.cpp">
      <Filter>Source Files\Modules</Filter>
    </ClCompile>
    <ClCompile Include="ModuleParticles.cpp">
      <Filter>Source Files\Modules</Filter>
    </ClCompile>
    <ClCompile Include="Particle.cpp">
      <Filter>Source Files\Modules</Filter>
    </ClCompile>
    <ClCompile Include="ModulePower.cpp">
      <Filter>Source Files\Modules</Filter>
    </ClCompile>
    <ClCompile Include="ModuleEnemies.cpp">
      <Filter>Source Files\Modules\Gameplay</Filter>
    </ClCompile>
    <ClCompile Include="ModulePlayer.cpp">
      <Filter>Source Files\Modules\Gameplay\Player</Filter>
    </ClCompile>
    <ClCompile Include="ModuleFadeToBlack.cpp">
      <Filter>Source Files\Modules</Filter>
    </ClCompile>
    <ClCompile Include="Zombie.cpp">
      <Filter>Source Files\Modules\Gameplay\Enemies</Filter>
    </ClCompile>
    <ClCompile Include="WhiteWolf.cpp">
      <Filter>Source Files\Modules\Gameplay\Enemies</Filter>
    </ClCompile>
    <ClCompile Include="Enemy.cpp">
      <Filter>Source Files\Modules\Gameplay\Enemies</Filter>
    </ClCompile>
    <ClCompile Include="ModuleScene.cpp">
      <Filter>Source Files\Modules\Gameplay\Scenes</Filter>
    </ClCompile>
    <ClCompile Include="ModuleScene2.cpp">
      <Filter>Source Files\Modules\Gameplay\Scenes</Filter>
    </ClCompile>
    <ClCompile Include="SceneIntro.cpp">
      <Filter>Source Files\Modules\Gameplay\Scenes</Filter>
    </ClCompile>
    <ClCompile Include="Neff.cpp">
      <Filter>Source Files\Modules\Gameplay\Enemies</Filter>
    </ClCompile>
    <ClCompile Include="ScenePreIntro.cpp">
      <Filter>Source Files\Modules\Gameplay\Scenes</Filter>
    </ClCompile>
    <ClCompile Include="BrownWolf.cpp">
      <Filter>Source Files\Modules\Gameplay\Enemies</Filter>
    </ClCompile>
  </ItemGroup>
</Project>